
Microsoft Visual Studio Solution File, Format Version 12.00
# Visual Studio Version 17
VisualStudioVersion = 17.3.32929.385
MinimumVisualStudioVersion = 10.0.40219.1
Project("{FAE04EC0-301F-11D3-BF4B-00C04F79EFBC}") = "PeriodicPull", "PeriodicPull\PeriodicPull.csproj", "{5C934852-421C-4B72-8166-828A7ADF0131}"
EndProject
Project("{FAE04EC0-301F-11D3-BF4B-00C04F79EFBC}") = "REST API", "REST API\REST API.csproj", "{6990F6B0-D78A-4F22-872A-97D50B9730A5}"
EndProject
Global
	GlobalSection(SolutionConfigurationPlatforms) = preSolution
		Debug|Any CPU = Debug|Any CPU
		Release|Any CPU = Release|Any CPU
	EndGlobalSection
	GlobalSection(ProjectConfigurationPlatforms) = postSolution
		{5C934852-421C-4B72-8166-828A7ADF0131}.Debug|Any CPU.ActiveCfg = Debug|Any CPU
		{5C934852-421C-4B72-8166-828A7ADF0131}.Debug|Any CPU.Build.0 = Debug|Any CPU
		{5C934852-421C-4B72-8166-828A7ADF0131}.Release|Any CPU.ActiveCfg = Release|Any CPU
		{5C934852-421C-4B72-8166-828A7ADF0131}.Release|Any CPU.Build.0 = Release|Any CPU
		{6990F6B0-D78A-4F22-872A-97D50B9730A5}.Debug|Any CPU.ActiveCfg = Debug|Any CPU
		{6990F6B0-D78A-4F22-872A-97D50B9730A5}.Debug|Any CPU.Build.0 = Debug|Any CPU
		{6990F6B0-D78A-4F22-872A-97D50B9730A5}.Release|Any CPU.ActiveCfg = Release|Any CPU
		{6990F6B0-D78A-4F22-872A-97D50B9730A5}.Release|Any CPU.Build.0 = Release|Any CPU
	EndGlobalSection
	GlobalSection(SolutionProperties) = preSolution
		HideSolutionNode = FALSE
	EndGlobalSection
	GlobalSection(ExtensibilityGlobals) = postSolution
		SolutionGuid = {BBF26433-9112-42AD-9BDE-7BDB42A8E707}
	EndGlobalSection
EndGlobal
